
Microsoft Visual Studio Solution File, Format Version 12.00
# Visual Studio 15
VisualStudioVersion = 15.0.28307.329
MinimumVisualStudioVersion = 10.0.40219.1
Project("{FAE04EC0-301F-11D3-BF4B-00C04F79EFBC}") = "Task2", "Task2\Task2.csproj", "{71ABC507-D825-4DB6-B7FB-D73213E09624}"
EndProject
Global
	GlobalSection(SolutionConfigurationPlatforms) = preSolution
		Debug|Any CPU = Debug|Any CPU
		Release|Any CPU = Release|Any CPU
	EndGlobalSection
	GlobalSection(ProjectConfigurationPlatforms) = postSolution
		{71ABC507-D825-4DB6-B7FB-D73213E09624}.Debug|Any CPU.ActiveCfg = Debug|Any CPU
		{71ABC507-D825-4DB6-B7FB-D73213E09624}.Debug|Any CPU.Build.0 = Debug|Any CPU
		{71ABC507-D825-4DB6-B7FB-D73213E09624}.Release|Any CPU.ActiveCfg = Release|Any CPU
		{71ABC507-D825-4DB6-B7FB-D73213E09624}.Release|Any CPU.Build.0 = Release|Any CPU
	EndGlobalSection
	GlobalSection(SolutionProperties) = preSolution
		HideSolutionNode = FALSE
	EndGlobalSection
	GlobalSection(ExtensibilityGlobals) = postSolution
		SolutionGuid = {B28F0A6F-E999-451A-B498-E8E7046906B4}
	EndGlobalSection
EndGlobal
